
Microsoft Visual Studio Solution File, Format Version 12.00
Project("{FAE04EC0-301F-11D3-BF4B-00C04F79EFBC}") = "Generator", "Generator\Generator.csproj", "{0102F8AE-95D6-46FA-AF77-75EC008951E4}"
EndProject
Global
	GlobalSection(SolutionConfigurationPlatforms) = preSolution
		Debug|Any CPU = Debug|Any CPU
		Release|Any CPU = Release|Any CPU
	EndGlobalSection
	GlobalSection(ProjectConfigurationPlatforms) = postSolution
		{0102F8AE-95D6-46FA-AF77-75EC008951E4}.Debug|Any CPU.ActiveCfg = Debug|Any CPU
		{0102F8AE-95D6-46FA-AF77-75EC008951E4}.Debug|Any CPU.Build.0 = Debug|Any CPU
		{0102F8AE-95D6-46FA-AF77-75EC008951E4}.Release|Any CPU.ActiveCfg = Release|Any CPU
		{0102F8AE-95D6-46FA-AF77-75EC008951E4}.Release|Any CPU.Build.0 = Release|Any CPU
	EndGlobalSection
EndGlobal
